
Microsoft Visual Studio Solution File, Format Version 12.00
# Visual Studio 15
Project("{FAE04EC0-301F-11D3-BF4B-00C04F79EFBC}") = "Assembly-CSharp", "Assembly-CSharp.csproj", "{BAABF8C7-882A-8426-465B-34EFA69EE0A7}"
EndProject
Project("{FAE04EC0-301F-11D3-BF4B-00C04F79EFBC}") = "Unity.2D.PixelPerfect.Samples", "Unity.2D.PixelPerfect.Samples.csproj", "{6B31D387-55B6-EDC1-5968-C1C6F02B1C10}"
EndProject
Project("{FAE04EC0-301F-11D3-BF4B-00C04F79EFBC}") = "Unity.2D.PixelPerfect.Samples.Editor", "Unity.2D.PixelPerfect.Samples.Editor.csproj", "{42167AE5-D6C7-8401-33A5-AF4C73B16F49}"
EndProject
Global
	GlobalSection(SolutionConfigurationPlatforms) = preSolution
		Debug|Any CPU = Debug|Any CPU
		Release|Any CPU = Release|Any CPU
	EndGlobalSection
	GlobalSection(ProjectConfigurationPlatforms) = postSolution
		{BAABF8C7-882A-8426-465B-34EFA69EE0A7}.Debug|Any CPU.ActiveCfg = Debug|Any CPU
		{BAABF8C7-882A-8426-465B-34EFA69EE0A7}.Debug|Any CPU.Build.0 = Debug|Any CPU
		{BAABF8C7-882A-8426-465B-34EFA69EE0A7}.Release|Any CPU.ActiveCfg = Release|Any CPU
		{BAABF8C7-882A-8426-465B-34EFA69EE0A7}.Release|Any CPU.Build.0 = Release|Any CPU
		{6B31D387-55B6-EDC1-5968-C1C6F02B1C10}.Debug|Any CPU.ActiveCfg = Debug|Any CPU
		{6B31D387-55B6-EDC1-5968-C1C6F02B1C10}.Debug|Any CPU.Build.0 = Debug|Any CPU
		{6B31D387-55B6-EDC1-5968-C1C6F02B1C10}.Release|Any CPU.ActiveCfg = Release|Any CPU
		{6B31D387-55B6-EDC1-5968-C1C6F02B1C10}.Release|Any CPU.Build.0 = Release|Any CPU
		{42167AE5-D6C7-8401-33A5-AF4C73B16F49}.Debug|Any CPU.ActiveCfg = Debug|Any CPU
		{42167AE5-D6C7-8401-33A5-AF4C73B16F49}.Debug|Any CPU.Build.0 = Debug|Any CPU
		{42167AE5-D6C7-8401-33A5-AF4C73B16F49}.Release|Any CPU.ActiveCfg = Release|Any CPU
		{42167AE5-D6C7-8401-33A5-AF4C73B16F49}.Release|Any CPU.Build.0 = Release|Any CPU
	EndGlobalSection
	GlobalSection(SolutionProperties) = preSolution
		HideSolutionNode = FALSE
	EndGlobalSection
EndGlobal
